{
    "name": "@abeai/template-engine",
    "version": "0.2.6",
    "lockfileVersion": 1,
    "requires": true,
    "dependencies": {
        "align-text": {
            "version": "0.1.4",
            "resolved": "https://registry.npmjs.org/align-text/-/align-text-0.1.4.tgz",
            "integrity": "sha1-DNkKVhCT810KmSVsIrcGlDP60Rc=",
            "requires": {
                "kind-of": "3.2.2",
                "longest": "1.0.1",
                "repeat-string": "1.6.1"
            }
        },
        "amdefine": {
            "version": "1.0.1",
            "resolved": "https://registry.npmjs.org/amdefine/-/amdefine-1.0.1.tgz",
            "integrity": "sha1-SlKCrBZHKek2Gbz9OtFR+BfOkfU="
        },
        "ansi-styles": {
            "version": "3.2.1",
            "resolved": "https://registry.npmjs.org/ansi-styles/-/ansi-styles-3.2.1.tgz",
            "integrity": "sha512-VT0ZI6kZRdTh8YyJw3SMbYm/u+NqfsAxEpWO0Pf9sq8/e94WxxOpPKx9FR1FlyCtOVDNOQ+8ntlqFxiRc+r5qA==",
            "requires": {
                "color-convert": "1.9.1"
            }
        },
        "async": {
            "version": "1.5.2",
            "resolved": "https://registry.npmjs.org/async/-/async-1.5.2.tgz",
            "integrity": "sha1-7GphrlZIDAw8skHJVhjiCJL5Zyo="
        },
        "camelcase": {
            "version": "1.2.1",
            "resolved": "https://registry.npmjs.org/camelcase/-/camelcase-1.2.1.tgz",
            "integrity": "sha1-m7UwTS4LVmmLLHWLCKPqqdqlijk=",
            "optional": true
        },
        "center-align": {
            "version": "0.1.3",
            "resolved": "https://registry.npmjs.org/center-align/-/center-align-0.1.3.tgz",
            "integrity": "sha1-qg0yYptu6XIgBBHL1EYckHvCt60=",
            "optional": true,
            "requires": {
                "align-text": "0.1.4",
                "lazy-cache": "1.0.4"
            }
        },
        "chalk": {
            "version": "2.3.2",
            "resolved": "https://registry.npmjs.org/chalk/-/chalk-2.3.2.tgz",
            "integrity": "sha512-ZM4j2/ld/YZDc3Ma8PgN7gyAk+kHMMMyzLNryCPGhWrsfAuDVeuid5bpRFTDgMH9JBK2lA4dyyAkkZYF/WcqDQ==",
            "requires": {
                "ansi-styles": "3.2.1",
                "escape-string-regexp": "1.0.5",
                "supports-color": "5.3.0"
            }
        },
        "cliui": {
            "version": "2.1.0",
            "resolved": "https://registry.npmjs.org/cliui/-/cliui-2.1.0.tgz",
            "integrity": "sha1-S0dXYP+AJkx2LDoXGQMukcf+oNE=",
            "optional": true,
            "requires": {
                "center-align": "0.1.3",
                "right-align": "0.1.3",
                "wordwrap": "0.0.2"
            },
            "dependencies": {
                "wordwrap": {
                    "version": "0.0.2",
                    "resolved": "https://registry.npmjs.org/wordwrap/-/wordwrap-0.0.2.tgz",
                    "integrity": "sha1-t5Zpu0LstAn4PVg8rVLKF+qhZD8=",
                    "optional": true
                }
            }
        },
        "color-convert": {
            "version": "1.9.1",
            "resolved": "https://registry.npmjs.org/color-convert/-/color-convert-1.9.1.tgz",
            "integrity": "sha512-mjGanIiwQJskCC18rPR6OmrZ6fm2Lc7PeGFYwCmy5J34wC6F1PzdGL6xeMfmgicfYcNLGuVFA3WzXtIDCQSZxQ==",
            "requires": {
                "color-name": "1.1.3"
            }
        },
        "color-name": {
            "version": "1.1.3",
            "resolved": "https://registry.npmjs.org/color-name/-/color-name-1.1.3.tgz",
            "integrity": "sha1-p9BVi9icQveV3UIyj3QIMcpTvCU="
        },
        "core-util-is": {
            "version": "1.0.2",
            "resolved": "https://registry.npmjs.org/core-util-is/-/core-util-is-1.0.2.tgz",
            "integrity": "sha1-tf1UIgqivFq1eqtxQMlAdUUDwac="
        },
        "d": {
            "version": "1.0.0",
            "resolved": "https://registry.npmjs.org/d/-/d-1.0.0.tgz",
            "integrity": "sha1-dUu1v+VUUdpppYuU1F9MWwRi1Y8=",
            "requires": {
                "es5-ext": "0.10.39"
            }
        },
        "decamelize": {
            "version": "1.2.0",
            "resolved": "https://registry.npmjs.org/decamelize/-/decamelize-1.2.0.tgz",
            "integrity": "sha1-9lNNFRSCabIDUue+4m9QH5oZEpA=",
            "optional": true
        },
        "end-of-stream": {
            "version": "1.4.1",
            "resolved": "https://registry.npmjs.org/end-of-stream/-/end-of-stream-1.4.1.tgz",
            "integrity": "sha512-1MkrZNvWTKCaigbn+W15elq2BB/L22nqrSY5DKlo3X6+vclJm8Bb5djXJBmEX6fS3+zCh/F4VBK5Z2KxJt4s2Q==",
            "requires": {
                "once": "1.4.0"
            }
        },
        "es5-ext": {
            "version": "0.10.39",
            "resolved": "https://registry.npmjs.org/es5-ext/-/es5-ext-0.10.39.tgz",
            "integrity": "sha512-AlaXZhPHl0po/uxMx1tyrlt1O86M6D5iVaDH8UgLfgek4kXTX6vzsRfJQWC2Ku+aG8pkw1XWzh9eTkwfVrsD5g==",
            "requires": {
                "es6-iterator": "2.0.3",
                "es6-symbol": "3.1.1"
            }
        },
        "es6-iterator": {
            "version": "2.0.3",
            "resolved": "https://registry.npmjs.org/es6-iterator/-/es6-iterator-2.0.3.tgz",
            "integrity": "sha1-p96IkUGgWpSwhUQDstCg+/qY87c=",
            "requires": {
                "d": "1.0.0",
                "es5-ext": "0.10.39",
                "es6-symbol": "3.1.1"
            }
        },
        "es6-symbol": {
            "version": "3.1.1",
            "resolved": "https://registry.npmjs.org/es6-symbol/-/es6-symbol-3.1.1.tgz",
            "integrity": "sha1-vwDvT9q2uhtG7Le2KbTH7VcVzHc=",
            "requires": {
                "d": "1.0.0",
                "es5-ext": "0.10.39"
            }
        },
        "escape-string-regexp": {
            "version": "1.0.5",
            "resolved": "https://registry.npmjs.org/escape-string-regexp/-/escape-string-regexp-1.0.5.tgz",
            "integrity": "sha1-G2HAViGQqN/2rjuyzwIAyhMLhtQ="
        },
        "fast-json-parse": {
            "version": "1.0.3",
            "resolved": "https://registry.npmjs.org/fast-json-parse/-/fast-json-parse-1.0.3.tgz",
            "integrity": "sha512-FRWsaZRWEJ1ESVNbDWmsAlqDk96gPQezzLghafp5J4GUKjbCz3OkAHuZs5TuPEtkbVQERysLp9xv6c24fBm8Aw=="
        },
        "fast-safe-stringify": {
            "version": "1.2.3",
            "resolved": "https://registry.npmjs.org/fast-safe-stringify/-/fast-safe-stringify-1.2.3.tgz",
            "integrity": "sha512-QJYT/i0QYoiZBQ71ivxdyTqkwKkQ0oxACXHYxH2zYHJEgzi2LsbjgvtzTbLi1SZcF190Db2YP7I7eTsU2egOlw=="
        },
        "flatstr": {
            "version": "1.0.5",
            "resolved": "https://registry.npmjs.org/flatstr/-/flatstr-1.0.5.tgz",
            "integrity": "sha1-W0UbCMvUji6sVKK74L9GFlqhS+M="
        },
        "handlebars": {
            "version": "4.0.11",
            "resolved": "https://registry.npmjs.org/handlebars/-/handlebars-4.0.11.tgz",
            "integrity": "sha1-Ywo13+ApS8KB7a5v/F0yn8eYLcw=",
            "requires": {
                "async": "1.5.2",
                "optimist": "0.6.1",
                "source-map": "0.4.4",
                "uglify-js": "2.8.29"
            }
        },
        "has-flag": {
            "version": "3.0.0",
            "resolved": "https://registry.npmjs.org/has-flag/-/has-flag-3.0.0.tgz",
            "integrity": "sha1-tdRU3CGZriJWmfNGfloH87lVuv0="
        },
        "inherits": {
            "version": "2.0.3",
            "resolved": "https://registry.npmjs.org/inherits/-/inherits-2.0.3.tgz",
            "integrity": "sha1-Yzwsg+PaQqUC9SRmAiSA9CCCYd4="
        },
        "is-buffer": {
            "version": "1.1.6",
            "resolved": "https://registry.npmjs.org/is-buffer/-/is-buffer-1.1.6.tgz",
            "integrity": "sha512-NcdALwpXkTm5Zvvbk7owOUSvVvBKDgKP5/ewfXEznmQFfs4ZRmanOeKBTjRVjka3QFoN6XJ+9F3USqfHqTaU5w=="
        },
        "isarray": {
            "version": "1.0.0",
            "resolved": "https://registry.npmjs.org/isarray/-/isarray-1.0.0.tgz",
            "integrity": "sha1-u5NdSFgsuhaMBoNJV6VKPgcSTxE="
        },
        "kind-of": {
            "version": "3.2.2",
            "resolved": "https://registry.npmjs.org/kind-of/-/kind-of-3.2.2.tgz",
            "integrity": "sha1-MeohpzS6ubuw8yRm2JOupR5KPGQ=",
            "requires": {
                "is-buffer": "1.1.6"
            }
        },
        "lazy-cache": {
            "version": "1.0.4",
            "resolved": "https://registry.npmjs.org/lazy-cache/-/lazy-cache-1.0.4.tgz",
            "integrity": "sha1-odePw6UEdMuAhF07O24dpJpEbo4=",
            "optional": true
        },
        "lodash": {
            "version": "4.17.5",
            "resolved": "https://registry.npmjs.org/lodash/-/lodash-4.17.5.tgz",
            "integrity": "sha512-svL3uiZf1RwhH+cWrfZn3A4+U58wbP0tGVTLQPbjplZxZ8ROD9VLuNgsRniTlLe7OlSqR79RUehXgpBW/s0IQw=="
        },
        "longest": {
            "version": "1.0.1",
            "resolved": "https://registry.npmjs.org/longest/-/longest-1.0.1.tgz",
            "integrity": "sha1-MKCy2jj3N3DoKUoNIuZiXtd9AJc="
        },
        "minimist": {
            "version": "0.0.10",
            "resolved": "https://registry.npmjs.org/minimist/-/minimist-0.0.10.tgz",
            "integrity": "sha1-3j+YVD2/lggr5IrRoMfNqDYwHc8="
        },
        "moment": {
            "version": "2.21.0",
            "resolved": "https://registry.npmjs.org/moment/-/moment-2.21.0.tgz",
            "integrity": "sha512-TCZ36BjURTeFTM/CwRcViQlfkMvL1/vFISuNLO5GkcVm1+QHfbSiNqZuWeMFjj1/3+uAjXswgRk30j1kkLYJBQ=="
        },
        "moment-range": {
            "version": "3.1.1",
            "resolved": "https://registry.npmjs.org/moment-range/-/moment-range-3.1.1.tgz",
            "integrity": "sha1-XFLPn6sp253ZvNhtN+UrBKenJxo=",
            "requires": {
                "es6-symbol": "3.1.1"
            }
        },
        "moment-timezone": {
            "version": "0.5.14",
            "resolved": "https://registry.npmjs.org/moment-timezone/-/moment-timezone-0.5.14.tgz",
            "integrity": "sha1-TrOP+VOLgBCLpGekWPPtQmjM/LE=",
            "requires": {
                "moment": "2.21.0"
            }
        },
        "once": {
            "version": "1.4.0",
            "resolved": "https://registry.npmjs.org/once/-/once-1.4.0.tgz",
            "integrity": "sha1-WDsap3WWHUsROsF9nFC6753Xa9E=",
            "requires": {
                "wrappy": "1.0.2"
            }
        },
        "optimist": {
            "version": "0.6.1",
            "resolved": "https://registry.npmjs.org/optimist/-/optimist-0.6.1.tgz",
            "integrity": "sha1-2j6nRob6IaGaERwybpDrFaAZZoY=",
            "requires": {
                "minimist": "0.0.10",
                "wordwrap": "0.0.3"
            }
        },
        "pino": {
            "version": "4.13.0",
            "resolved": "https://registry.npmjs.org/pino/-/pino-4.13.0.tgz",
            "integrity": "sha512-o8csWL24S2ziLj8QXWL3wIQnEesgS2fGCC4oQaLDXZUOsoEE3UNeGDvi8yhe03CWcLiwyUDTUPpGjQtSuzQbOw==",
            "requires": {
                "chalk": "2.3.2",
                "fast-json-parse": "1.0.3",
                "fast-safe-stringify": "1.2.3",
                "flatstr": "1.0.5",
                "pino-std-serializers": "1.0.0",
                "pump": "2.0.1",
                "quick-format-unescaped": "1.1.2",
                "split2": "2.2.0"
            }
        },
        "pino-std-serializers": {
            "version": "1.0.0",
            "resolved": "https://registry.npmjs.org/pino-std-serializers/-/pino-std-serializers-1.0.0.tgz",
            "integrity": "sha512-VvrdU2+ixL4zYm1c4q5pdtI9chhV6T1keiVkbV6BVZC1ih8Fsp8pdOCiBXcPYcIMyyo83KxpRhjuX2B53O38iw=="
        },
        "pluralize": {
            "version": "7.0.0",
            "resolved": "https://registry.npmjs.org/pluralize/-/pluralize-7.0.0.tgz",
            "integrity": "sha512-ARhBOdzS3e41FbkW/XWrTEtukqqLoK5+Z/4UeDaLuSW+39JPeFgs4gCGqsrJHVZX0fUrx//4OF0K1CUGwlIFow=="
        },
        "process-nextick-args": {
            "version": "2.0.0",
            "resolved": "https://registry.npmjs.org/process-nextick-args/-/process-nextick-args-2.0.0.tgz",
            "integrity": "sha512-MtEC1TqN0EU5nephaJ4rAtThHtC86dNN9qCuEhtshvpVBkAW5ZO7BASN9REnF9eoXGcRub+pFuKEpOHE+HbEMw=="
        },
        "pump": {
            "version": "2.0.1",
            "resolved": "https://registry.npmjs.org/pump/-/pump-2.0.1.tgz",
            "integrity": "sha512-ruPMNRkN3MHP1cWJc9OWr+T/xDP0jhXYCLfJcBuX54hhfIBnaQmAUMfDcG4DM5UMWByBbJY69QSphm3jtDKIkA==",
            "requires": {
                "end-of-stream": "1.4.1",
                "once": "1.4.0"
            }
        },
        "quick-format-unescaped": {
            "version": "1.1.2",
            "resolved": "https://registry.npmjs.org/quick-format-unescaped/-/quick-format-unescaped-1.1.2.tgz",
            "integrity": "sha1-DKWB3jF0vs7yWsPC6JVjQjgdtpg=",
            "requires": {
                "fast-safe-stringify": "1.2.3"
            }
        },
        "readable-stream": {
            "version": "2.3.5",
            "resolved": "https://registry.npmjs.org/readable-stream/-/readable-stream-2.3.5.tgz",
            "integrity": "sha512-tK0yDhrkygt/knjowCUiWP9YdV7c5R+8cR0r/kt9ZhBU906Fs6RpQJCEilamRJj1Nx2rWI6LkW9gKqjTkshhEw==",
            "requires": {
                "core-util-is": "1.0.2",
                "inherits": "2.0.3",
                "isarray": "1.0.0",
                "process-nextick-args": "2.0.0",
                "safe-buffer": "5.1.1",
                "string_decoder": "1.0.3",
                "util-deprecate": "1.0.2"
            }
        },
        "repeat-string": {
            "version": "1.6.1",
            "resolved": "https://registry.npmjs.org/repeat-string/-/repeat-string-1.6.1.tgz",
            "integrity": "sha1-jcrkcOHIirwtYA//Sndihtp15jc="
        },
        "right-align": {
            "version": "0.1.3",
            "resolved": "https://registry.npmjs.org/right-align/-/right-align-0.1.3.tgz",
            "integrity": "sha1-YTObci/mo1FWiSENJOFMlhSGE+8=",
            "optional": true,
            "requires": {
                "align-text": "0.1.4"
            }
        },
        "safe-buffer": {
            "version": "5.1.1",
            "resolved": "https://registry.npmjs.org/safe-buffer/-/safe-buffer-5.1.1.tgz",
            "integrity": "sha512-kKvNJn6Mm93gAczWVJg7wH+wGYWNrDHdWvpUmHyEsgCtIwwo3bqPtV4tR5tuPaUhTOo/kvhVwd8XwwOllGYkbg=="
        },
        "source-map": {
            "version": "0.4.4",
            "resolved": "https://registry.npmjs.org/source-map/-/source-map-0.4.4.tgz",
            "integrity": "sha1-66T12pwNyZneaAMti092FzZSA2s=",
            "requires": {
                "amdefine": "1.0.1"
            }
        },
        "split2": {
            "version": "2.2.0",
            "resolved": "https://registry.npmjs.org/split2/-/split2-2.2.0.tgz",
            "integrity": "sha512-RAb22TG39LhI31MbreBgIuKiIKhVsawfTgEGqKHTK87aG+ul/PB8Sqoi3I7kVdRWiCfrKxK3uo4/YUkpNvhPbw==",
            "requires": {
                "through2": "2.0.3"
            }
        },
        "string_decoder": {
            "version": "1.0.3",
            "resolved": "https://registry.npmjs.org/string_decoder/-/string_decoder-1.0.3.tgz",
            "integrity": "sha512-4AH6Z5fzNNBcH+6XDMfA/BTt87skxqJlO0lAh3Dker5zThcAxG6mKz+iGu308UKoPPQ8Dcqx/4JhujzltRa+hQ==",
            "requires": {
                "safe-buffer": "5.1.1"
            }
        },
        "supports-color": {
            "version": "5.3.0",
            "resolved": "https://registry.npmjs.org/supports-color/-/supports-color-5.3.0.tgz",
            "integrity": "sha512-0aP01LLIskjKs3lq52EC0aGBAJhLq7B2Rd8HC/DR/PtNNpcLilNmHC12O+hu0usQpo7wtHNRqtrhBwtDb0+dNg==",
            "requires": {
                "has-flag": "3.0.0"
            }
        },
        "through2": {
            "version": "2.0.3",
            "resolved": "https://registry.npmjs.org/through2/-/through2-2.0.3.tgz",
            "integrity": "sha1-AARWmzfHx0ujnEPzzteNGtlBQL4=",
            "requires": {
                "readable-stream": "2.3.5",
                "xtend": "4.0.1"
            }
        },
        "uglify-js": {
            "version": "2.8.29",
            "resolved": "https://registry.npmjs.org/uglify-js/-/uglify-js-2.8.29.tgz",
            "integrity": "sha1-KcVzMUgFe7Th913zW3qcty5qWd0=",
            "optional": true,
            "requires": {
                "source-map": "0.5.7",
                "uglify-to-browserify": "1.0.2",
                "yargs": "3.10.0"
            },
            "dependencies": {
                "source-map": {
                    "version": "0.5.7",
                    "resolved": "https://registry.npmjs.org/source-map/-/source-map-0.5.7.tgz",
                    "integrity": "sha1-igOdLRAh0i0eoUyA2OpGi6LvP8w=",
                    "optional": true
                }
            }
        },
        "uglify-to-browserify": {
            "version": "1.0.2",
            "resolved": "https://registry.npmjs.org/uglify-to-browserify/-/uglify-to-browserify-1.0.2.tgz",
            "integrity": "sha1-bgkk1r2mta/jSeOabWMoUKD4grc=",
            "optional": true
        },
        "util-deprecate": {
            "version": "1.0.2",
            "resolved": "https://registry.npmjs.org/util-deprecate/-/util-deprecate-1.0.2.tgz",
            "integrity": "sha1-RQ1Nyfpw3nMnYvvS1KKJgUGaDM8="
        },
        "window-size": {
            "version": "0.1.0",
            "resolved": "https://registry.npmjs.org/window-size/-/window-size-0.1.0.tgz",
            "integrity": "sha1-VDjNLqk7IC76Ohn+iIeu58lPnJ0=",
            "optional": true
        },
        "wordwrap": {
            "version": "0.0.3",
            "resolved": "https://registry.npmjs.org/wordwrap/-/wordwrap-0.0.3.tgz",
            "integrity": "sha1-o9XabNXAvAAI03I0u68b7WMFkQc="
        },
        "wrappy": {
            "version": "1.0.2",
            "resolved": "https://registry.npmjs.org/wrappy/-/wrappy-1.0.2.tgz",
            "integrity": "sha1-tSQ9jz7BqjXxNkYFvA0QNuMKtp8="
        },
        "xtend": {
            "version": "4.0.1",
            "resolved": "https://registry.npmjs.org/xtend/-/xtend-4.0.1.tgz",
            "integrity": "sha1-pcbVMr5lbiPbgg77lDofBJmNY68="
        },
        "yargs": {
            "version": "3.10.0",
            "resolved": "https://registry.npmjs.org/yargs/-/yargs-3.10.0.tgz",
            "integrity": "sha1-9+572FfdfB0tOMDnTvvWgdFDH9E=",
            "optional": true,
            "requires": {
                "camelcase": "1.2.1",
                "cliui": "2.1.0",
                "decamelize": "1.2.0",
                "window-size": "0.1.0"
            }
        }
    }
}
